{
	"name": "@ethersproject-aion/providers",
	"version": "5.0.0-beta.127",
	"lockfileVersion": 1,
	"requires": true,
	"dependencies": {
		"@ethersproject/properties": {
			"version": "5.0.0-beta.127",
			"resolved": "https://registry.npmjs.org/@ethersproject/properties/-/properties-5.0.0-beta.127.tgz",
			"integrity": "sha512-zD14d+byTbdDRDPzHGkSW30bBtpFWaQpgzHh3ia6huJfr3qK8rVqGiDSYeNGJQdtdscss2l/F9yFuLd6ZdITPQ==",
			"requires": {
				"@ethersproject/errors": ">5.0.0-beta.0"
			},
			"dependencies": {
				"@ethersproject/errors": {
					"version": "5.0.0-beta.126",
					"resolved": "https://registry.npmjs.org/@ethersproject/errors/-/errors-5.0.0-beta.126.tgz",
					"integrity": "sha512-Rfc+rLaykgKaYgdc/5FuTNqlQNKzm6h9w9HNhkpGT8gE5Dh1xjtWrv8pKdUCbBjy6RCzMeVcmJ8COqLmsxPS6g=="
				}
			}
		}
	}
}
