{
	"name": "@ethersproject-aion/ethers",
	"version": "5.0.0-beta.137",
	"lockfileVersion": 1,
	"requires": true,
	"dependencies": {
		"@ethersproject/providers": {
			"version": "5.0.0-beta.135",
			"resolved": "https://registry.npmjs.org/@ethersproject/providers/-/providers-5.0.0-beta.135.tgz",
			"integrity": "sha512-e3+T5HxrV4tBwlrrizflxRDPVRP7vBJ5PN+BV/iS5kTXgh8VZv8Lfw7yo1PoBsmRt2Olz2GGdgABVg5O6ZyjXA==",
			"requires": {
				"@ethersproject/abstract-provider": ">5.0.0-beta.0",
				"@ethersproject/abstract-signer": ">5.0.0-beta.0",
				"@ethersproject/address": ">5.0.0-beta.0",
				"@ethersproject/bignumber": ">5.0.0-beta.0",
				"@ethersproject/bytes": ">5.0.0-beta.0",
				"@ethersproject/constants": ">5.0.0-beta.0",
				"@ethersproject/errors": ">5.0.0-beta.0",
				"@ethersproject/hash": ">5.0.0-beta.0",
				"@ethersproject/networks": ">5.0.0-beta.0",
				"@ethersproject/properties": ">5.0.0-beta.0",
				"@ethersproject/random": ">5.0.0-beta.0",
				"@ethersproject/rlp": ">5.0.0-beta.0",
				"@ethersproject/strings": ">5.0.0-beta.0",
				"@ethersproject/transactions": ">5.0.0-beta.0",
				"@ethersproject/web": ">5.0.0-beta.0"
			},
			"dependencies": {
				"@ethersproject/abstract-provider": {
					"version": "5.0.0-beta.127",
					"resolved": "https://registry.npmjs.org/@ethersproject/abstract-provider/-/abstract-provider-5.0.0-beta.127.tgz",
					"integrity": "sha512-YBqVQ2WmiWvlNAuwrGXYkbHJCxyKsCck8Jm2CP/S+xjLpUo9hR72HsXrbcKp/mDYV2P2S3mm9ySAor5bFQQTLA==",
					"requires": {
						"@ethersproject/bignumber": ">5.0.0-beta.0",
						"@ethersproject/bytes": ">5.0.0-beta.0",
						"@ethersproject/errors": ">5.0.0-beta.0",
						"@ethersproject/networks": ">5.0.0-beta.0",
						"@ethersproject/properties": ">5.0.0-beta.0",
						"@ethersproject/transactions": ">5.0.0-beta.0",
						"@ethersproject/web": ">5.0.0-beta.0"
					}
				},
				"@ethersproject/abstract-signer": {
					"version": "5.0.0-beta.127",
					"resolved": "https://registry.npmjs.org/@ethersproject/abstract-signer/-/abstract-signer-5.0.0-beta.127.tgz",
					"integrity": "sha512-L4Fw3jpKdLBKhp0ABxWwFx+feBQMr2in7BBzj8WVvQequ2R9a2uhVHayVdcnLebLy54KuEVjp/vRiy5wJeM39g==",
					"requires": {
						"@ethersproject/abstract-provider": ">5.0.0-beta.0",
						"@ethersproject/bignumber": ">5.0.0-beta.0",
						"@ethersproject/bytes": ">5.0.0-beta.0",
						"@ethersproject/errors": ">5.0.0-beta.0",
						"@ethersproject/properties": ">5.0.0-beta.0"
					}
				},
				"@ethersproject/address": {
					"version": "5.0.0-beta.125",
					"resolved": "https://registry.npmjs.org/@ethersproject/address/-/address-5.0.0-beta.125.tgz",
					"integrity": "sha512-X742o0xmcpnv9X5pXKdzTmPfFdmMjQ21iu7LT3Hua2vPa/o6Ve0GQI295PhxUh/YoWdyH95FO4dK9KkAtl2r3Q==",
					"requires": {
						"@ethersproject/bignumber": ">5.0.0-beta.0",
						"@ethersproject/bytes": ">5.0.0-beta.0",
						"@ethersproject/errors": ">5.0.0-beta.0",
						"@ethersproject/keccak256": ">5.0.0-beta.0",
						"@ethersproject/rlp": ">5.0.0-beta.0",
						"bn.js": "^4.4.0"
					}
				},
				"@ethersproject/base64": {
					"version": "5.0.0-beta.124",
					"resolved": "https://registry.npmjs.org/@ethersproject/base64/-/base64-5.0.0-beta.124.tgz",
					"integrity": "sha512-O0RzYi1aw9hBZOLV8hQVP4LJO53VYdK1eXAkoKQOR6KXvyVGoqfp42X6ER9PYy3zSNnAG+EZ7eTPJbFdLUSkJg==",
					"requires": {
						"@ethersproject/bytes": ">5.0.0-beta.0"
					}
				},
				"@ethersproject/bignumber": {
					"version": "5.0.0-beta.127",
					"resolved": "https://registry.npmjs.org/@ethersproject/bignumber/-/bignumber-5.0.0-beta.127.tgz",
					"integrity": "sha512-nt8lKya8dECXJH6DTQHL0H6HbfKbGCatPLzptAFt53ODgbb1on3Cr//5l4XvCZO6ZWn+DSa38PigY+ntooe8QA==",
					"requires": {
						"@ethersproject/bytes": ">5.0.0-beta.0",
						"@ethersproject/errors": ">5.0.0-beta.0",
						"@ethersproject/properties": ">5.0.0-beta.0",
						"bn.js": "^4.4.0"
					}
				},
				"@ethersproject/bytes": {
					"version": "5.0.0-beta.126",
					"resolved": "https://registry.npmjs.org/@ethersproject/bytes/-/bytes-5.0.0-beta.126.tgz",
					"integrity": "sha512-MWBM1F2uypiDb3ROUJjBRtR0DGYvjAHqlOoaGBsTqq2DgF3swASF6Pfbqj+dS0zpY6XoO3w41e4+RCdjiAr0Jw==",
					"requires": {
						"@ethersproject/errors": ">5.0.0-beta.0"
					}
				},
				"@ethersproject/constants": {
					"version": "5.0.0-beta.126",
					"resolved": "https://registry.npmjs.org/@ethersproject/constants/-/constants-5.0.0-beta.126.tgz",
					"integrity": "sha512-wU1KhoSxxhCESX6JRVks/NAaB/WdIeMmEKDVu4tSsTG/IBogjxQY/jmVRhqKOw7eLvqOf6eTxcQ+11w/kU6HHg==",
					"requires": {
						"@ethersproject/bignumber": ">5.0.0-beta.0"
					}
				},
				"@ethersproject/errors": {
					"version": "5.0.0-beta.126",
					"resolved": "https://registry.npmjs.org/@ethersproject/errors/-/errors-5.0.0-beta.126.tgz",
					"integrity": "sha512-Rfc+rLaykgKaYgdc/5FuTNqlQNKzm6h9w9HNhkpGT8gE5Dh1xjtWrv8pKdUCbBjy6RCzMeVcmJ8COqLmsxPS6g=="
				},
				"@ethersproject/hash": {
					"version": "5.0.0-beta.124",
					"resolved": "https://registry.npmjs.org/@ethersproject/hash/-/hash-5.0.0-beta.124.tgz",
					"integrity": "sha512-gHyi1JeCicMlrDs51n2rlpcJn6YVgUEs7yYg2AbTZFfiiJGbzGqx7rv3wCKQWZXv9TMUrSRY4j9LHbnkpliAww==",
					"requires": {
						"@ethersproject/bytes": ">5.0.0-beta.0",
						"@ethersproject/errors": ">5.0.0-beta.0",
						"@ethersproject/keccak256": ">5.0.0-beta.0",
						"@ethersproject/strings": ">5.0.0-beta.0"
					}
				},
				"@ethersproject/keccak256": {
					"version": "5.0.0-beta.125",
					"resolved": "https://registry.npmjs.org/@ethersproject/keccak256/-/keccak256-5.0.0-beta.125.tgz",
					"integrity": "sha512-Vzood4ptHvWk64yqE5DMef7qLivEm3qH3S/60l66kWSAMmf5ISuSxeO+8Ss3o+p86zEGIhyipjpenb2LD6+/xA==",
					"requires": {
						"@ethersproject/bytes": ">5.0.0-beta.0",
						"js-sha3": "0.5.7"
					}
				},
				"@ethersproject/networks": {
					"version": "5.0.0-beta.125",
					"resolved": "https://registry.npmjs.org/@ethersproject/networks/-/networks-5.0.0-beta.125.tgz",
					"integrity": "sha512-2uBtfSWsU5g8kCV4UdLBnt6V4pKrDLjcSAnHZc5bD1nnQzTms68y4FlZhTd/b9QaEtKNIUvNx/JDkpxV0cFgGg==",
					"requires": {
						"@ethersproject/errors": ">5.0.0-beta.0"
					}
				},
				"@ethersproject/properties": {
					"version": "5.0.0-beta.127",
					"resolved": "https://registry.npmjs.org/@ethersproject/properties/-/properties-5.0.0-beta.127.tgz",
					"integrity": "sha512-zD14d+byTbdDRDPzHGkSW30bBtpFWaQpgzHh3ia6huJfr3qK8rVqGiDSYeNGJQdtdscss2l/F9yFuLd6ZdITPQ==",
					"requires": {
						"@ethersproject/errors": ">5.0.0-beta.0"
					}
				},
				"@ethersproject/random": {
					"version": "5.0.0-beta.125",
					"resolved": "https://registry.npmjs.org/@ethersproject/random/-/random-5.0.0-beta.125.tgz",
					"integrity": "sha512-FpUdXLmFgNLm1Ne6zMaKAJ/ULDZaDN8ybSPmUPVyvOK9AjysuwwcS5CVZsZ9nbzN09vRktNBufDuj0Aq3Ii6TQ==",
					"requires": {
						"@ethersproject/bytes": ">5.0.0-beta.0",
						"@ethersproject/errors": ">5.0.0-beta.0"
					}
				},
				"@ethersproject/rlp": {
					"version": "5.0.0-beta.124",
					"resolved": "https://registry.npmjs.org/@ethersproject/rlp/-/rlp-5.0.0-beta.124.tgz",
					"integrity": "sha512-XRjIyOflY6VzSy62iBplESUWgRVJh9ImUwxILpMXLRxtTa7IGtu2Poe1L+O8LEm6gXvTOFd1uzrk/mXnkBoyHQ==",
					"requires": {
						"@ethersproject/bytes": ">5.0.0-beta.0"
					}
				},
				"@ethersproject/signing-key": {
					"version": "5.0.0-beta.126",
					"resolved": "https://registry.npmjs.org/@ethersproject/signing-key/-/signing-key-5.0.0-beta.126.tgz",
					"integrity": "sha512-JTsJDoVENn78Gsx9OC3GJel7L5P7JIG6O4iCJTw8JfroHgAIx8PE9ieBvl5R8feR22nrlZ2ne7DYX54FwZDt5A==",
					"requires": {
						"@ethersproject/bytes": ">5.0.0-beta.0",
						"@ethersproject/errors": ">5.0.0-beta.0",
						"@ethersproject/properties": ">5.0.0-beta.0",
						"elliptic": "6.3.3"
					}
				},
				"@ethersproject/strings": {
					"version": "5.0.0-beta.125",
					"resolved": "https://registry.npmjs.org/@ethersproject/strings/-/strings-5.0.0-beta.125.tgz",
					"integrity": "sha512-UQ4w+38bFAbbikk/Wtq1YayhIPGFP80ICJDxy0wtNW7U4k4rs6+tIFVOx6PnmqOJG4cDuxItlFsn4+1rIJcJ6Q==",
					"requires": {
						"@ethersproject/bytes": ">5.0.0-beta.0",
						"@ethersproject/constants": ">5.0.0-beta.0",
						"@ethersproject/errors": ">5.0.0-beta.0"
					}
				},
				"@ethersproject/transactions": {
					"version": "5.0.0-beta.125",
					"resolved": "https://registry.npmjs.org/@ethersproject/transactions/-/transactions-5.0.0-beta.125.tgz",
					"integrity": "sha512-wENNySBWzixWJT3ahBSeuq0GWggcRcBn3PqgrgA/dXpyAwbvngAA4F1RCFcLgOgLdYgGL4i5zEjfma5QmrnYYw==",
					"requires": {
						"@ethersproject/address": ">5.0.0-beta.0",
						"@ethersproject/bignumber": ">5.0.0-beta.0",
						"@ethersproject/bytes": ">5.0.0-beta.0",
						"@ethersproject/constants": ">5.0.0-beta.0",
						"@ethersproject/errors": ">5.0.0-beta.0",
						"@ethersproject/keccak256": ">5.0.0-beta.0",
						"@ethersproject/properties": ">5.0.0-beta.0",
						"@ethersproject/rlp": ">5.0.0-beta.0",
						"@ethersproject/signing-key": ">5.0.0-beta.0"
					}
				},
				"@ethersproject/web": {
					"version": "5.0.0-beta.125",
					"resolved": "https://registry.npmjs.org/@ethersproject/web/-/web-5.0.0-beta.125.tgz",
					"integrity": "sha512-hSxvGUCMiKyR13zxxlIS5D2BwTNaw/zkI9LJ60r15/rrGzv4HKGc6yq/3k0U1RleH+Y1DKCF80N7nTlGbjqXww==",
					"requires": {
						"@ethersproject/base64": ">5.0.0-beta.0",
						"@ethersproject/errors": ">5.0.0-beta.0",
						"@ethersproject/properties": ">5.0.0-beta.0",
						"@ethersproject/strings": ">5.0.0-beta.0",
						"cross-fetch": "3.0.4"
					}
				},
				"bn.js": {
					"version": "4.11.8",
					"resolved": "https://registry.npmjs.org/bn.js/-/bn.js-4.11.8.tgz",
					"integrity": "sha512-ItfYfPLkWHUjckQCk8xC+LwxgK8NYcXywGigJgSwOP8Y2iyWT4f2vsZnoOXTTbo+o5yXmIUJ4gn5538SO5S3gA=="
				},
				"brorand": {
					"version": "1.1.0",
					"resolved": "https://registry.npmjs.org/brorand/-/brorand-1.1.0.tgz",
					"integrity": "sha1-EsJe/kCkXjwyPrhnWgoM5XsiNx8="
				},
				"cross-fetch": {
					"version": "3.0.4",
					"resolved": "https://registry.npmjs.org/cross-fetch/-/cross-fetch-3.0.4.tgz",
					"integrity": "sha512-MSHgpjQqgbT/94D4CyADeNoYh52zMkCX4pcJvPP5WqPsLFMKjr2TCMg381ox5qI0ii2dPwaLx/00477knXqXVw==",
					"requires": {
						"node-fetch": "2.6.0",
						"whatwg-fetch": "3.0.0"
					}
				},
				"elliptic": {
					"version": "6.3.3",
					"resolved": "https://registry.npmjs.org/elliptic/-/elliptic-6.3.3.tgz",
					"integrity": "sha1-VILZZG1UvLif19mU/J4ulWiHbj8=",
					"requires": {
						"bn.js": "^4.4.0",
						"brorand": "^1.0.1",
						"hash.js": "^1.0.0",
						"inherits": "^2.0.1"
					}
				},
				"hash.js": {
					"version": "1.1.7",
					"resolved": "https://registry.npmjs.org/hash.js/-/hash.js-1.1.7.tgz",
					"integrity": "sha512-taOaskGt4z4SOANNseOviYDvjEJinIkRgmp7LbKP2YTTmVxWBl87s/uzK9r+44BclBSp2X7K1hqeNfz9JbBeXA==",
					"requires": {
						"inherits": "^2.0.3",
						"minimalistic-assert": "^1.0.1"
					}
				},
				"inherits": {
					"version": "2.0.4",
					"resolved": "https://registry.npmjs.org/inherits/-/inherits-2.0.4.tgz",
					"integrity": "sha512-k/vGaX4/Yla3WzyMCvTQOXYeIHvqOKtnqBduzTHpzpQZzAskKMhZ2K+EnBiSM9zGSoIFeMpXKxa4dYeZIQqewQ=="
				},
				"js-sha3": {
					"version": "0.5.7",
					"resolved": "https://registry.npmjs.org/js-sha3/-/js-sha3-0.5.7.tgz",
					"integrity": "sha1-DU/9gALVMzqrr0oj7tL2N0yfKOc="
				},
				"minimalistic-assert": {
					"version": "1.0.1",
					"resolved": "https://registry.npmjs.org/minimalistic-assert/-/minimalistic-assert-1.0.1.tgz",
					"integrity": "sha512-UtJcAD4yEaGtjPezWuO9wC4nwUnVH/8/Im3yEHQP4b67cXlD/Qr9hdITCU1xDbSEXg2XKNaP8jsReV7vQd00/A=="
				},
				"node-fetch": {
					"version": "2.6.0",
					"resolved": "https://registry.npmjs.org/node-fetch/-/node-fetch-2.6.0.tgz",
					"integrity": "sha512-8dG4H5ujfvFiqDmVu9fQ5bOHUC15JMjMY/Zumv26oOvvVJjM67KF8koCWIabKQ1GJIa9r2mMZscBq/TbdOcmNA=="
				},
				"whatwg-fetch": {
					"version": "3.0.0",
					"resolved": "https://registry.npmjs.org/whatwg-fetch/-/whatwg-fetch-3.0.0.tgz",
					"integrity": "sha512-9GSJUgz1D4MfyKU7KRqwOjXCXTqWdFNvEr7eUBYchQiVc744mqK/MzXPNR2WsPkmkOa4ywfg8C2n8h+13Bey1Q=="
				}
			}
		}
	}
}
